// !$*UTF8*$!
{
	archiveVersion = 1;
	classes = {
	};
	objectVersion = 46;
	objects = {

/* Begin PBXBuildFile section */
		C2F4A3321CA22DD100F39EDE /* main.m in Sources */ = {isa = PBXBuildFile; fileRef = C2F4A3311CA22DD100F39EDE /* main.m */; };
		C2F4A3351CA22DD100F39EDE /* AppDelegate.m in Sources */ = {isa = PBXBuildFile; fileRef = C2F4A3341CA22DD100F39EDE /* AppDelegate.m */; };
		C2F4A3381CA22DD100F39EDE /* ViewController.m in Sources */ = {isa = PBXBuildFile; fileRef = C2F4A3371CA22DD100F39EDE /* ViewController.m */; };
		C2F4A33D1CA22DD100F39EDE /* Assets.xcassets in Resources */ = {isa = PBXBuildFile; fileRef = C2F4A33C1CA22DD100F39EDE /* Assets.xcassets */; };
		C2F4A3401CA22DD100F39EDE /* LaunchScreen.storyboard in Resources */ = {isa = PBXBuildFile; fileRef = C2F4A33E1CA22DD100F39EDE /* LaunchScreen.storyboard */; };
		C2F4A34B1CA22DD100F39EDE /* KnockToReactExampleObjCTests.m in Sources */ = {isa = PBXBuildFile; fileRef = C2F4A34A1CA22DD100F39EDE /* KnockToReactExampleObjCTests.m */; };
		C2F4A3561CA22DD100F39EDE /* KnockToReactExampleObjCUITests.m in Sources */ = {isa = PBXBuildFile; fileRef = C2F4A3551CA22DD100F39EDE /* KnockToReactExampleObjCUITests.m */; };
		C2F4A3671CA22DFB00F39EDE /* KnockHelper.m in Sources */ = {isa = PBXBuildFile; fileRef = C2F4A3641CA22DFB00F39EDE /* KnockHelper.m */; };
		C2F4A3681CA22DFB00F39EDE /* SingletonLocation.m in Sources */ = {isa = PBXBuildFile; fileRef = C2F4A3661CA22DFB00F39EDE /* SingletonLocation.m */; };
		C2F4A36A1CA22E0400F39EDE /* Main.storyboard in Resources */ = {isa = PBXBuildFile; fileRef = C2F4A3691CA22E0400F39EDE /* Main.storyboard */; };
/* End PBXBuildFile section */

/* Begin PBXContainerItemProxy section */
		C2F4A3471CA22DD100F39EDE /* PBXContainerItemProxy */ = {
			isa = PBXContainerItemProxy;
			containerPortal = C2F4A3251CA22DD100F39EDE /* Project object */;
			proxyType = 1;
			remoteGlobalIDString = C2F4A32C1CA22DD100F39EDE;
			remoteInfo = KnockToReactExampleObjC;
		};
		C2F4A3521CA22DD100F39EDE /* PBXContainerItemProxy */ = {
			isa = PBXContainerItemProxy;
			containerPortal = C2F4A3251CA22DD100F39EDE /* Project object */;
			proxyType = 1;
			remoteGlobalIDString = C2F4A32C1CA22DD100F39EDE;
			remoteInfo = KnockToReactExampleObjC;
		};
/* End PBXContainerItemProxy section */

/* Begin PBXFileReference section */
		C2F4A32D1CA22DD100F39EDE /* KnockToReactExampleObjC.app */ = {isa = PBXFileReference; explicitFileType = wrapper.application; includeInIndex = 0; path = KnockToReactExampleObjC.app; sourceTree = BUILT_PRODUCTS_DIR; };
		C2F4A3311CA22DD100F39EDE /* main.m */ = {isa = PBXFileReference; lastKnownFileType = sourcecode.c.objc; path = main.m; sourceTree = "<group>"; };
		C2F4A3331CA22DD100F39EDE /* AppDelegate.h */ = {isa = PBXFileReference; lastKnownFileType = sourcecode.c.h; path = AppDelegate.h; sourceTree = "<group>"; };
		C2F4A3341CA22DD100F39EDE /* AppDelegate.m */ = {isa = PBXFileReference; lastKnownFileType = sourcecode.c.objc; path = AppDelegate.m; sourceTree = "<group>"; };
		C2F4A3361CA22DD100F39EDE /* ViewController.h */ = {isa = PBXFileReference; lastKnownFileType = sourcecode.c.h; path = ViewController.h; sourceTree = "<group>"; };
		C2F4A3371CA22DD100F39EDE /* ViewController.m */ = {isa = PBXFileReference; lastKnownFileType = sourcecode.c.objc; path = ViewController.m; sourceTree = "<group>"; };
		C2F4A33C1CA22DD100F39EDE /* Assets.xcassets */ = {isa = PBXFileReference; lastKnownFileType = folder.assetcatalog; path = Assets.xcassets; sourceTree = "<group>"; };
		C2F4A33F1CA22DD100F39EDE /* Base */ = {isa = PBXFileReference; lastKnownFileType = file.storyboard; name = Base; path = Base.lproj/LaunchScreen.storyboard; sourceTree = "<group>"; };
		C2F4A3411CA22DD100F39EDE /* Info.plist */ = {isa = PBXFileReference; lastKnownFileType = text.plist.xml; path = Info.plist; sourceTree = "<group>"; };
		C2F4A3461CA22DD100F39EDE /* KnockToReactExampleObjCTests.xctest */ = {isa = PBXFileReference; explicitFileType = wrapper.cfbundle; includeInIndex = 0; path = KnockToReactExampleObjCTests.xctest; sourceTree = BUILT_PRODUCTS_DIR; };
		C2F4A34A1CA22DD100F39EDE /* KnockToReactExampleObjCTests.m */ = {isa = PBXFileReference; lastKnownFileType = sourcecode.c.objc; path = KnockToReactExampleObjCTests.m; sourceTree = "<group>"; };
		C2F4A34C1CA22DD100F39EDE /* Info.plist */ = {isa = PBXFileReference; lastKnownFileType = text.plist.xml; path = Info.plist; sourceTree = "<group>"; };
		C2F4A3511CA22DD100F39EDE /* KnockToReactExampleObjCUITests.xctest */ = {isa = PBXFileReference; explicitFileType = wrapper.cfbundle; includeInIndex = 0; path = KnockToReactExampleObjCUITests.xctest; sourceTree = BUILT_PRODUCTS_DIR; };
		C2F4A3551CA22DD100F39EDE /* KnockToReactExampleObjCUITests.m */ = {isa = PBXFileReference; lastKnownFileType = sourcecode.c.objc; path = KnockToReactExampleObjCUITests.m; sourceTree = "<group>"; };
		C2F4A3571CA22DD100F39EDE /* Info.plist */ = {isa = PBXFileReference; lastKnownFileType = text.plist.xml; path = Info.plist; sourceTree = "<group>"; };
		C2F4A3631CA22DFB00F39EDE /* KnockHelper.h */ = {isa = PBXFileReference; fileEncoding = 4; lastKnownFileType = sourcecode.c.h; name = KnockHelper.h; path = "/Users/lucasfarah/Documents/Knock-To-React/Knock-To-React (Obj-C)/KnockToReact/../../KnockToReact/KnockHelper.h"; sourceTree = "<absolute>"; };
		C2F4A3641CA22DFB00F39EDE /* KnockHelper.m */ = {isa = PBXFileReference; fileEncoding = 4; lastKnownFileType = sourcecode.c.objc; name = KnockHelper.m; path = "/Users/lucasfarah/Documents/Knock-To-React/Knock-To-React (Obj-C)/KnockToReact/../../KnockToReact/KnockHelper.m"; sourceTree = "<absolute>"; };
		C2F4A3651CA22DFB00F39EDE /* SingletonLocation.h */ = {isa = PBXFileReference; fileEncoding = 4; lastKnownFileType = sourcecode.c.h; name = SingletonLocation.h; path = "/Users/lucasfarah/Documents/Knock-To-React/Knock-To-React (Obj-C)/KnockToReact/../../KnockToReact/SingletonLocation.h"; sourceTree = "<absolute>"; };
		C2F4A3661CA22DFB00F39EDE /* SingletonLocation.m */ = {isa = PBXFileReference; fileEncoding = 4; lastKnownFileType = sourcecode.c.objc; name = SingletonLocation.m; path = "/Users/lucasfarah/Documents/Knock-To-React/Knock-To-React (Obj-C)/KnockToReact/../../KnockToReact/SingletonLocation.m"; sourceTree = "<absolute>"; };
		C2F4A3691CA22E0400F39EDE /* Main.storyboard */ = {isa = PBXFileReference; fileEncoding = 4; lastKnownFileType = file.storyboard; path = Main.storyboard; sourceTree = "<group>"; };
/* End PBXFileReference section */

/* Begin PBXFrameworksBuildPhase section */
		C2F4A32A1CA22DD100F39EDE /* Frameworks */ = {
			isa = PBXFrameworksBuildPhase;
			buildActionMask = 2147483647;
			files = (
			);
			runOnlyForDeploymentPostprocessing = 0;
		};
		C2F4A3431CA22DD100F39EDE /* Frameworks */ = {
			isa = PBXFrameworksBuildPhase;
			buildActionMask = 2147483647;
			files = (
			);
			runOnlyForDeploymentPostprocessing = 0;
		};
		C2F4A34E1CA22DD100F39EDE /* Frameworks */ = {
			isa = PBXFrameworksBuildPhase;
			buildActionMask = 2147483647;
			files = (
			);
			runOnlyForDeploymentPostprocessing = 0;
		};
/* End PBXFrameworksBuildPhase section */

/* Begin PBXGroup section */
		C2F4A3241CA22DD100F39EDE = {
			isa = PBXGroup;
			children = (
				C2F4A32F1CA22DD100F39EDE /* KnockToReactExampleObjC */,
				C2F4A3491CA22DD100F39EDE /* KnockToReactExampleObjCTests */,
				C2F4A3541CA22DD100F39EDE /* KnockToReactExampleObjCUITests */,
				C2F4A32E1CA22DD100F39EDE /* Products */,
			);
			sourceTree = "<group>";
		};
		C2F4A32E1CA22DD100F39EDE /* Products */ = {
			isa = PBXGroup;
			children = (
				C2F4A32D1CA22DD100F39EDE /* KnockToReactExampleObjC.app */,
				C2F4A3461CA22DD100F39EDE /* KnockToReactExampleObjCTests.xctest */,
				C2F4A3511CA22DD100F39EDE /* KnockToReactExampleObjCUITests.xctest */,
			);
			name = Products;
			sourceTree = "<group>";
		};
		C2F4A32F1CA22DD100F39EDE /* KnockToReactExampleObjC */ = {
			isa = PBXGroup;
			children = (
				C2F4A3331CA22DD100F39EDE /* AppDelegate.h */,
				C2F4A3341CA22DD100F39EDE /* AppDelegate.m */,
				C2F4A3361CA22DD100F39EDE /* ViewController.h */,
				C2F4A3371CA22DD100F39EDE /* ViewController.m */,
				C2F4A3631CA22DFB00F39EDE /* KnockHelper.h */,
				C2F4A3641CA22DFB00F39EDE /* KnockHelper.m */,
				C2F4A3651CA22DFB00F39EDE /* SingletonLocation.h */,
				C2F4A3661CA22DFB00F39EDE /* SingletonLocation.m */,
				C2F4A3691CA22E0400F39EDE /* Main.storyboard */,
				C2F4A33C1CA22DD100F39EDE /* Assets.xcassets */,
				C2F4A33E1CA22DD100F39EDE /* LaunchScreen.storyboard */,
				C2F4A3411CA22DD100F39EDE /* Info.plist */,
				C2F4A3301CA22DD100F39EDE /* Supporting Files */,
			);
			path = KnockToReactExampleObjC;
			sourceTree = "<group>";
		};
		C2F4A3301CA22DD100F39EDE /* Supporting Files */ = {
			isa = PBXGroup;
			children = (
				C2F4A3311CA22DD100F39EDE /* main.m */,
			);
			name = "Supporting Files";
			sourceTree = "<group>";
		};
		C2F4A3491CA22DD100F39EDE /* KnockToReactExampleObjCTests */ = {
			isa = PBXGroup;
			children = (
				C2F4A34A1CA22DD100F39EDE /* KnockToReactExampleObjCTests.m */,
				C2F4A34C1CA22DD100F39EDE /* Info.plist */,
			);
			path = KnockToReactExampleObjCTests;
			sourceTree = "<group>";
		};
		C2F4A3541CA22DD100F39EDE /* KnockToReactExampleObjCUITests */ = {
			isa = PBXGroup;
			children = (
				C2F4A3551CA22DD100F39EDE /* KnockToReactExampleObjCUITests.m */,
				C2F4A3571CA22DD100F39EDE /* Info.plist */,
			);
			path = KnockToReactExampleObjCUITests;
			sourceTree = "<group>";
		};
/* End PBXGroup section */

/* Begin PBXNativeTarget section */
		C2F4A32C1CA22DD100F39EDE /* KnockToReactExampleObjC */ = {
			isa = PBXNativeTarget;
			buildConfigurationList = C2F4A35A1CA22DD100F39EDE /* Build configuration list for PBXNativeTarget "KnockToReactExampleObjC" */;
			buildPhases = (
				C2F4A3291CA22DD100F39EDE /* Sources */,
				C2F4A32A1CA22DD100F39EDE /* Frameworks */,
				C2F4A32B1CA22DD100F39EDE /* Resources */,
			);
			buildRules = (
			);
			dependencies = (
			);
			name = KnockToReactExampleObjC;
			productName = KnockToReactExampleObjC;
			productReference = C2F4A32D1CA22DD100F39EDE /* KnockToReactExampleObjC.app */;
			productType = "com.apple.product-type.application";
		};
		C2F4A3451CA22DD100F39EDE /* KnockToReactExampleObjCTests */ = {
			isa = PBXNativeTarget;
			buildConfigurationList = C2F4A35D1CA22DD100F39EDE /* Build configuration list for PBXNativeTarget "KnockToReactExampleObjCTests" */;
			buildPhases = (
				C2F4A3421CA22DD100F39EDE /* Sources */,
				C2F4A3431CA22DD100F39EDE /* Frameworks */,
				C2F4A3441CA22DD100F39EDE /* Resources */,
			);
			buildRules = (
			);
			dependencies = (
				C2F4A3481CA22DD100F39EDE /* PBXTargetDependency */,
			);
			name = KnockToReactExampleObjCTests;
			productName = KnockToReactExampleObjCTests;
			productReference = C2F4A3461CA22DD100F39EDE /* KnockToReactExampleObjCTests.xctest */;
			productType = "com.apple.product-type.bundle.unit-test";
		};
		C2F4A3501CA22DD100F39EDE /* KnockToReactExampleObjCUITests */ = {
			isa = PBXNativeTarget;
			buildConfigurationList = C2F4A3601CA22DD100F39EDE /* Build configuration list for PBXNativeTarget "KnockToReactExampleObjCUITests" */;
			buildPhases = (
				C2F4A34D1CA22DD100F39EDE /* Sources */,
				C2F4A34E1CA22DD100F39EDE /* Frameworks */,
				C2F4A34F1CA22DD100F39EDE /* Resources */,
			);
			buildRules = (
			);
			dependencies = (
				C2F4A3531CA22DD100F39EDE /* PBXTargetDependency */,
			);
			name = KnockToReactExampleObjCUITests;
			productName = KnockToReactExampleObjCUITests;
			productReference = C2F4A3511CA22DD100F39EDE /* KnockToReactExampleObjCUITests.xctest */;
			productType = "com.apple.product-type.bundle.ui-testing";
		};
/* End PBXNativeTarget section */

/* Begin PBXProject section */
		C2F4A3251CA22DD100F39EDE /* Project object */ = {
			isa = PBXProject;
			attributes = {
				LastUpgradeCheck = 0730;
				ORGANIZATIONNAME = "Lucas Farah";
				TargetAttributes = {
					C2F4A32C1CA22DD100F39EDE = {
						CreatedOnToolsVersion = 7.3;
					};
					C2F4A3451CA22DD100F39EDE = {
						CreatedOnToolsVersion = 7.3;
						TestTargetID = C2F4A32C1CA22DD100F39EDE;
					};
					C2F4A3501CA22DD100F39EDE = {
						CreatedOnToolsVersion = 7.3;
						TestTargetID = C2F4A32C1CA22DD100F39EDE;
					};
				};
			};
			buildConfigurationList = C2F4A3281CA22DD100F39EDE /* Build configuration list for PBXProject "KnockToReactExampleObjC" */;
			compatibilityVersion = "Xcode 3.2";
			developmentRegion = English;
			hasScannedForEncodings = 0;
			knownRegions = (
				en,
				Base,
			);
			mainGroup = C2F4A3241CA22DD100F39EDE;
			productRefGroup = C2F4A32E1CA22DD100F39EDE /* Products */;
			projectDirPath = "";
			projectRoot = "";
			targets = (
				C2F4A32C1CA22DD100F39EDE /* KnockToReactExampleObjC */,
				C2F4A3451CA22DD100F39EDE /* KnockToReactExampleObjCTests */,
				C2F4A3501CA22DD100F39EDE /* KnockToReactExampleObjCUITests */,
			);
		};
/* End PBXProject section */

/* Begin PBXResourcesBuildPhase section */
		C2F4A32B1CA22DD100F39EDE /* Resources */ = {
			isa = PBXResourcesBuildPhase;
			buildActionMask = 2147483647;
			files = (
				C2F4A3401CA22DD100F39EDE /* LaunchScreen.storyboard in Resources */,
				C2F4A33D1CA22DD100F39EDE /* Assets.xcassets in Resources */,
				C2F4A36A1CA22E0400F39EDE /* Main.storyboard in Resources */,
			);
			runOnlyForDeploymentPostprocessing = 0;
		};
		C2F4A3441CA22DD100F39EDE /* Resources */ = {
			isa = PBXResourcesBuildPhase;
			buildActionMask = 2147483647;
			files = (
			);
			runOnlyForDeploymentPostprocessing = 0;
		};
		C2F4A34F1CA22DD100F39EDE /* Resources */ = {
			isa = PBXResourcesBuildPhase;
			buildActionMask = 2147483647;
			files = (
			);
			runOnlyForDeploymentPostprocessing = 0;
		};
/* End PBXResourcesBuildPhase section */

/* Begin PBXSourcesBuildPhase section */
		C2F4A3291CA22DD100F39EDE /* Sources */ = {
			isa = PBXSourcesBuildPhase;
			buildActionMask = 2147483647;
			files = (
				C2F4A3381CA22DD100F39EDE /* ViewController.m in Sources */,
				C2F4A3681CA22DFB00F39EDE /* SingletonLocation.m in Sources */,
				C2F4A3351CA22DD100F39EDE /* AppDelegate.m in Sources */,
				C2F4A3671CA22DFB00F39EDE /* KnockHelper.m in Sources */,
				C2F4A3321CA22DD100F39EDE /* main.m in Sources */,
			);
			runOnlyForDeploymentPostprocessing = 0;
		};
		C2F4A3421CA22DD100F39EDE /* Sources */ = {
			isa = PBXSourcesBuildPhase;
			buildActionMask = 2147483647;
			files = (
				C2F4A34B1CA22DD100F39EDE /* KnockToReactExampleObjCTests.m in Sources */,
			);
			runOnlyForDeploymentPostprocessing = 0;
		};
		C2F4A34D1CA22DD100F39EDE /* Sources */ = {
			isa = PBXSourcesBuildPhase;
			buildActionMask = 2147483647;
			files = (
				C2F4A3561CA22DD100F39EDE /* KnockToReactExampleObjCUITests.m in Sources */,
			);
			runOnlyForDeploymentPostprocessing = 0;
		};
/* End PBXSourcesBuildPhase section */

/* Begin PBXTargetDependency section */
		C2F4A3481CA22DD100F39EDE /* PBXTargetDependency */ = {
			isa = PBXTargetDependency;
			target = C2F4A32C1CA22DD100F39EDE /* KnockToReactExampleObjC */;
			targetProxy = C2F4A3471CA22DD100F39EDE /* PBXContainerItemProxy */;
		};
		C2F4A3531CA22DD100F39EDE /* PBXTargetDependency */ = {
			isa = PBXTargetDependency;
			target = C2F4A32C1CA22DD100F39EDE /* KnockToReactExampleObjC */;
			targetProxy = C2F4A3521CA22DD100F39EDE /* PBXContainerItemProxy */;
		};
/* End PBXTargetDependency section */

/* Begin PBXVariantGroup section */
		C2F4A33E1CA22DD100F39EDE /* LaunchScreen.storyboard */ = {
			isa = PBXVariantGroup;
			children = (
				C2F4A33F1CA22DD100F39EDE /* Base */,
			);
			name = LaunchScreen.storyboard;
			sourceTree = "<group>";
		};
/* End PBXVariantGroup section */

/* Begin XCBuildConfiguration section */
		C2F4A3581CA22DD100F39EDE /* Debug */ = {
			isa = XCBuildConfiguration;
			buildSettings = {
				ALWAYS_SEARCH_USER_PATHS = NO;
				CLANG_ANALYZER_NONNULL = YES;
				CLANG_CXX_LANGUAGE_STANDARD = "gnu++0x";
				CLANG_CXX_LIBRARY = "libc++";
				CLANG_ENABLE_MODULES = YES;
				CLANG_ENABLE_OBJC_ARC = YES;
				CLANG_WARN_BOOL_CONVERSION = YES;
				CLANG_WARN_CONSTANT_CONVERSION = YES;
				CLANG_WARN_DIRECT_OBJC_ISA_USAGE = YES_ERROR;
				CLANG_WARN_EMPTY_BODY = YES;
				CLANG_WARN_ENUM_CONVERSION = YES;
				CLANG_WARN_INT_CONVERSION = YES;
				CLANG_WARN_OBJC_ROOT_CLASS = YES_ERROR;
				CLANG_WARN_UNREACHABLE_CODE = YES;
				CLANG_WARN__DUPLICATE_METHOD_MATCH = YES;
				"CODE_SIGN_IDENTITY[sdk=iphoneos*]" = "iPhone Developer";
				COPY_PHASE_STRIP = NO;
				DEBUG_INFORMATION_FORMAT = dwarf;
				ENABLE_STRICT_OBJC_MSGSEND = YES;
				ENABLE_TESTABILITY = YES;
				GCC_C_LANGUAGE_STANDARD = gnu99;
				GCC_DYNAMIC_NO_PIC = NO;
				GCC_NO_COMMON_BLOCKS = YES;
				GCC_OPTIMIZATION_LEVEL = 0;
				GCC_PREPROCESSOR_DEFINITIONS = (
					"DEBUG=1",
					"$(inherited)",
				);
				GCC_WARN_64_TO_32_BIT_CONVERSION = YES;
				GCC_WARN_ABOUT_RETURN_TYPE = YES_ERROR;
				GCC_WARN_UNDECLARED_SELECTOR = YES;
				GCC_WARN_UNINITIALIZED_AUTOS = YES_AGGRESSIVE;
				GCC_WARN_UNUSED_FUNCTION = YES;
				GCC_WARN_UNUSED_VARIABLE = YES;
				IPHONEOS_DEPLOYMENT_TARGET = 9.3;
				MTL_ENABLE_DEBUG_INFO = YES;
				ONLY_ACTIVE_ARCH = YES;
				SDKROOT = iphoneos;
			};
			name = Debug;
		};
		C2F4A3591CA22DD100F39EDE /* Release */ = {
			isa = XCBuildConfiguration;
			buildSettings = {
				ALWAYS_SEARCH_USER_PATHS = NO;
				CLANG_ANALYZER_NONNULL = YES;
				CLANG_CXX_LANGUAGE_STANDARD = "gnu++0x";
				CLANG_CXX_LIBRARY = "libc++";
				CLANG_ENABLE_MODULES = YES;
				CLANG_ENABLE_OBJC_ARC = YES;
				CLANG_WARN_BOOL_CONVERSION = YES;
				CLANG_WARN_CONSTANT_CONVERSION = YES;
				CLANG_WARN_DIRECT_OBJC_ISA_USAGE = YES_ERROR;
				CLANG_WARN_EMPTY_BODY = YES;
				CLANG_WARN_ENUM_CONVERSION = YES;
				CLANG_WARN_INT_CONVERSION = YES;
				CLANG_WARN_OBJC_ROOT_CLASS = YES_ERROR;
				CLANG_WARN_UNREACHABLE_CODE = YES;
				CLANG_WARN__DUPLICATE_METHOD_MATCH = YES;
				"CODE_SIGN_IDENTITY[sdk=iphoneos*]" = "iPhone Developer";
				COPY_PHASE_STRIP = NO;
				DEBUG_INFORMATION_FORMAT = "dwarf-with-dsym";
				ENABLE_NS_ASSERTIONS = NO;
				ENABLE_STRICT_OBJC_MSGSEND = YES;
				GCC_C_LANGUAGE_STANDARD = gnu99;
				GCC_NO_COMMON_BLOCKS = YES;
				GCC_WARN_64_TO_32_BIT_CONVERSION = YES;
				GCC_WARN_ABOUT_RETURN_TYPE = YES_ERROR;
				GCC_WARN_UNDECLARED_SELECTOR = YES;
				GCC_WARN_UNINITIALIZED_AUTOS = YES_AGGRESSIVE;
				GCC_WARN_UNUSED_FUNCTION = YES;
				GCC_WARN_UNUSED_VARIABLE = YES;
				IPHONEOS_DEPLOYMENT_TARGET = 9.3;
				MTL_ENABLE_DEBUG_INFO = NO;
				SDKROOT = iphoneos;
				VALIDATE_PRODUCT = YES;
			};
			name = Release;
		};
		C2F4A35B1CA22DD100F39EDE /* Debug */ = {
			isa = XCBuildConfiguration;
			buildSettings = {
				ASSETCATALOG_COMPILER_APPICON_NAME = AppIcon;
				INFOPLIST_FILE = KnockToReactExampleObjC/Info.plist;
				IPHONEOS_DEPLOYMENT_TARGET = 9.0;
				LD_RUNPATH_SEARCH_PATHS = "$(inherited) @executable_path/Frameworks";
				PRODUCT_BUNDLE_IDENTIFIER = farah.lucas.KnockToReactExampleObjC;
				PRODUCT_NAME = "$(TARGET_NAME)";
			};
			name = Debug;
		};
		C2F4A35C1CA22DD100F39EDE /* Release */ = {
			isa = XCBuildConfiguration;
			buildSettings = {
				ASSETCATALOG_COMPILER_APPICON_NAME = AppIcon;
				INFOPLIST_FILE = KnockToReactExampleObjC/Info.plist;
				IPHONEOS_DEPLOYMENT_TARGET = 9.0;
				LD_RUNPATH_SEARCH_PATHS = "$(inherited) @executable_path/Frameworks";
				PRODUCT_BUNDLE_IDENTIFIER = farah.lucas.KnockToReactExampleObjC;
				PRODUCT_NAME = "$(TARGET_NAME)";
			};
			name = Release;
		};
		C2F4A35E1CA22DD100F39EDE /* Debug */ = {
			isa = XCBuildConfiguration;
			buildSettings = {
				BUNDLE_LOADER = "$(TEST_HOST)";
				INFOPLIST_FILE = KnockToReactExampleObjCTests/Info.plist;
				LD_RUNPATH_SEARCH_PATHS = "$(inherited) @executable_path/Frameworks @loader_path/Frameworks";
				PRODUCT_BUNDLE_IDENTIFIER = farah.lucas.KnockToReactExampleObjCTests;
				PRODUCT_NAME = "$(TARGET_NAME)";
				TEST_HOST = "$(BUILT_PRODUCTS_DIR)/KnockToReactExampleObjC.app/KnockToReactExampleObjC";
			};
			name = Debug;
		};
		C2F4A35F1CA22DD100F39EDE /* Release */ = {
			isa = XCBuildConfiguration;
			buildSettings = {
				BUNDLE_LOADER = "$(TEST_HOST)";
				INFOPLIST_FILE = KnockToReactExampleObjCTests/Info.plist;
				LD_RUNPATH_SEARCH_PATHS = "$(inherited) @executable_path/Frameworks @loader_path/Frameworks";
				PRODUCT_BUNDLE_IDENTIFIER = farah.lucas.KnockToReactExampleObjCTests;
				PRODUCT_NAME = "$(TARGET_NAME)";
				TEST_HOST = "$(BUILT_PRODUCTS_DIR)/KnockToReactExampleObjC.app/KnockToReactExampleObjC";
			};
			name = Release;
		};
		C2F4A3611CA22DD100F39EDE /* Debug */ = {
			isa = XCBuildConfiguration;
			buildSettings = {
				INFOPLIST_FILE = KnockToReactExampleObjCUITests/Info.plist;
				LD_RUNPATH_SEARCH_PATHS = "$(inherited) @executable_path/Frameworks @loader_path/Frameworks";
				PRODUCT_BUNDLE_IDENTIFIER = farah.lucas.KnockToReactExampleObjCUITests;
				PRODUCT_NAME = "$(TARGET_NAME)";
				TEST_TARGET_NAME = KnockToReactExampleObjC;
			};
			name = Debug;
		};
		C2F4A3621CA22DD100F39EDE /* Release */ = {
			isa = XCBuildConfiguration;
			buildSettings = {
				INFOPLIST_FILE = KnockToReactExampleObjCUITests/Info.plist;
				LD_RUNPATH_SEARCH_PATHS = "$(inherited) @executable_path/Frameworks @loader_path/Frameworks";
				PRODUCT_BUNDLE_IDENTIFIER = farah.lucas.KnockToReactExampleObjCUITests;
				PRODUCT_NAME = "$(TARGET_NAME)";
				TEST_TARGET_NAME = KnockToReactExampleObjC;
			};
			name = Release;
		};
/* End XCBuildConfiguration section */

/* Begin XCConfigurationList section */
		C2F4A3281CA22DD100F39EDE /* Build configuration list for PBXProject "KnockToReactExampleObjC" */ = {
			isa = XCConfigurationList;
			buildConfigurations = (
				C2F4A3581CA22DD100F39EDE /* Debug */,
				C2F4A3591CA22DD100F39EDE /* Release */,
			);
			defaultConfigurationIsVisible = 0;
			defaultConfigurationName = Release;
		};
		C2F4A35A1CA22DD100F39EDE /* Build configuration list for PBXNativeTarget "KnockToReactExampleObjC" */ = {
			isa = XCConfigurationList;
			buildConfigurations = (
				C2F4A35B1CA22DD100F39EDE /* Debug */,
				C2F4A35C1CA22DD100F39EDE /* Release */,
			);
			defaultConfigurationIsVisible = 0;
		};
		C2F4A35D1CA22DD100F39EDE /* Build configuration list for PBXNativeTarget "KnockToReactExampleObjCTests" */ = {
			isa = XCConfigurationList;
			buildConfigurations = (
				C2F4A35E1CA22DD100F39EDE /* Debug */,
				C2F4A35F1CA22DD100F39EDE /* Release */,
			);
			defaultConfigurationIsVisible = 0;
		};
		C2F4A3601CA22DD100F39EDE /* Build configuration list for PBXNativeTarget "KnockToReactExampleObjCUITests" */ = {
			isa = XCConfigurationList;
			buildConfigurations = (
				C2F4A3611CA22DD100F39EDE /* Debug */,
				C2F4A3621CA22DD100F39EDE /* Release */,
			);
			defaultConfigurationIsVisible = 0;
		};
/* End XCConfigurationList section */
	};
	rootObject = C2F4A3251CA22DD100F39EDE /* Project object */;
}
