// !$*UTF8*$!
{
	archiveVersion = 1;
	classes = {
	};
	objectVersion = 46;
	objects = {

/* Begin PBXBuildFile section */
		388217A71CA1E43D00091564 /* AppDelegate.swift in Sources */ = {isa = PBXBuildFile; fileRef = 388217A61CA1E43D00091564 /* AppDelegate.swift */; };
		388217A91CA1E43D00091564 /* ViewController.swift in Sources */ = {isa = PBXBuildFile; fileRef = 388217A81CA1E43D00091564 /* ViewController.swift */; };
		388217AC1CA1E43D00091564 /* Main.storyboard in Resources */ = {isa = PBXBuildFile; fileRef = 388217AA1CA1E43D00091564 /* Main.storyboard */; };
		388217AE1CA1E43D00091564 /* Assets.xcassets in Resources */ = {isa = PBXBuildFile; fileRef = 388217AD1CA1E43D00091564 /* Assets.xcassets */; };
		388217B11CA1E43D00091564 /* LaunchScreen.storyboard in Resources */ = {isa = PBXBuildFile; fileRef = 388217AF1CA1E43D00091564 /* LaunchScreen.storyboard */; };
/* End PBXBuildFile section */

/* Begin PBXFileReference section */
		388217A31CA1E43D00091564 /* Knock-To-React.app */ = {isa = PBXFileReference; explicitFileType = wrapper.application; includeInIndex = 0; path = "Knock-To-React.app"; sourceTree = BUILT_PRODUCTS_DIR; };
		388217A61CA1E43D00091564 /* AppDelegate.swift */ = {isa = PBXFileReference; lastKnownFileType = sourcecode.swift; path = AppDelegate.swift; sourceTree = "<group>"; };
		388217A81CA1E43D00091564 /* ViewController.swift */ = {isa = PBXFileReference; lastKnownFileType = sourcecode.swift; path = ViewController.swift; sourceTree = "<group>"; };
		388217AB1CA1E43D00091564 /* Base */ = {isa = PBXFileReference; lastKnownFileType = file.storyboard; name = Base; path = Base.lproj/Main.storyboard; sourceTree = "<group>"; };
		388217AD1CA1E43D00091564 /* Assets.xcassets */ = {isa = PBXFileReference; lastKnownFileType = folder.assetcatalog; path = Assets.xcassets; sourceTree = "<group>"; };
		388217B01CA1E43D00091564 /* Base */ = {isa = PBXFileReference; lastKnownFileType = file.storyboard; name = Base; path = Base.lproj/LaunchScreen.storyboard; sourceTree = "<group>"; };
		388217B21CA1E43D00091564 /* Info.plist */ = {isa = PBXFileReference; lastKnownFileType = text.plist.xml; path = Info.plist; sourceTree = "<group>"; };
/* End PBXFileReference section */

/* Begin PBXFrameworksBuildPhase section */
		388217A01CA1E43D00091564 /* Frameworks */ = {
			isa = PBXFrameworksBuildPhase;
			buildActionMask = 2147483647;
			files = (
			);
			runOnlyForDeploymentPostprocessing = 0;
		};
/* End PBXFrameworksBuildPhase section */

/* Begin PBXGroup section */
		3882179A1CA1E43D00091564 = {
			isa = PBXGroup;
			children = (
				388217A51CA1E43D00091564 /* Knock-To-React */,
				388217A41CA1E43D00091564 /* Products */,
			);
			sourceTree = "<group>";
		};
		388217A41CA1E43D00091564 /* Products */ = {
			isa = PBXGroup;
			children = (
				388217A31CA1E43D00091564 /* Knock-To-React.app */,
			);
			name = Products;
			sourceTree = "<group>";
		};
		388217A51CA1E43D00091564 /* Knock-To-React */ = {
			isa = PBXGroup;
			children = (
				388217A61CA1E43D00091564 /* AppDelegate.swift */,
				388217A81CA1E43D00091564 /* ViewController.swift */,
				388217AA1CA1E43D00091564 /* Main.storyboard */,
				388217AD1CA1E43D00091564 /* Assets.xcassets */,
				388217AF1CA1E43D00091564 /* LaunchScreen.storyboard */,
				388217B21CA1E43D00091564 /* Info.plist */,
			);
			path = "Knock-To-React";
			sourceTree = "<group>";
		};
/* End PBXGroup section */

/* Begin PBXNativeTarget section */
		388217A21CA1E43D00091564 /* Knock-To-React */ = {
			isa = PBXNativeTarget;
			buildConfigurationList = 388217B51CA1E43D00091564 /* Build configuration list for PBXNativeTarget "Knock-To-React" */;
			buildPhases = (
				3882179F1CA1E43D00091564 /* Sources */,
				388217A01CA1E43D00091564 /* Frameworks */,
				388217A11CA1E43D00091564 /* Resources */,
			);
			buildRules = (
			);
			dependencies = (
			);
			name = "Knock-To-React";
			productName = "Knock-To-React";
			productReference = 388217A31CA1E43D00091564 /* Knock-To-React.app */;
			productType = "com.apple.product-type.application";
		};
/* End PBXNativeTarget section */

/* Begin PBXProject section */
		3882179B1CA1E43D00091564 /* Project object */ = {
			isa = PBXProject;
			attributes = {
				LastSwiftUpdateCheck = 0720;
				LastUpgradeCheck = 0720;
				ORGANIZATIONNAME = "Matheus Cavalca";
				TargetAttributes = {
					388217A21CA1E43D00091564 = {
						CreatedOnToolsVersion = 7.2.1;
					};
				};
			};
			buildConfigurationList = 3882179E1CA1E43D00091564 /* Build configuration list for PBXProject "Knock-To-React" */;
			compatibilityVersion = "Xcode 3.2";
			developmentRegion = English;
			hasScannedForEncodings = 0;
			knownRegions = (
				en,
				Base,
			);
			mainGroup = 3882179A1CA1E43D00091564;
			productRefGroup = 388217A41CA1E43D00091564 /* Products */;
			projectDirPath = "";
			projectRoot = "";
			targets = (
				388217A21CA1E43D00091564 /* Knock-To-React */,
			);
		};
/* End PBXProject section */

/* Begin PBXResourcesBuildPhase section */
		388217A11CA1E43D00091564 /* Resources */ = {
			isa = PBXResourcesBuildPhase;
			buildActionMask = 2147483647;
			files = (
				388217B11CA1E43D00091564 /* LaunchScreen.storyboard in Resources */,
				388217AE1CA1E43D00091564 /* Assets.xcassets in Resources */,
				388217AC1CA1E43D00091564 /* Main.storyboard in Resources */,
			);
			runOnlyForDeploymentPostprocessing = 0;
		};
/* End PBXResourcesBuildPhase section */

/* Begin PBXSourcesBuildPhase section */
		3882179F1CA1E43D00091564 /* Sources */ = {
			isa = PBXSourcesBuildPhase;
			buildActionMask = 2147483647;
			files = (
				388217A91CA1E43D00091564 /* ViewController.swift in Sources */,
				388217A71CA1E43D00091564 /* AppDelegate.swift in Sources */,
			);
			runOnlyForDeploymentPostprocessing = 0;
		};
/* End PBXSourcesBuildPhase section */

/* Begin PBXVariantGroup section */
		388217AA1CA1E43D00091564 /* Main.storyboard */ = {
			isa = PBXVariantGroup;
			children = (
				388217AB1CA1E43D00091564 /* Base */,
			);
			name = Main.storyboard;
			sourceTree = "<group>";
		};
		388217AF1CA1E43D00091564 /* LaunchScreen.storyboard */ = {
			isa = PBXVariantGroup;
			children = (
				388217B01CA1E43D00091564 /* Base */,
			);
			name = LaunchScreen.storyboard;
			sourceTree = "<group>";
		};
/* End PBXVariantGroup section */

/* Begin XCBuildConfiguration section */
		388217B31CA1E43D00091564 /* Debug */ = {
			isa = XCBuildConfiguration;
			buildSettings = {
				ALWAYS_SEARCH_USER_PATHS = NO;
				CLANG_CXX_LANGUAGE_STANDARD = "gnu++0x";
				CLANG_CXX_LIBRARY = "libc++";
				CLANG_ENABLE_MODULES = YES;
				CLANG_ENABLE_OBJC_ARC = YES;
				CLANG_WARN_BOOL_CONVERSION = YES;
				CLANG_WARN_CONSTANT_CONVERSION = YES;
				CLANG_WARN_DIRECT_OBJC_ISA_USAGE = YES_ERROR;
				CLANG_WARN_EMPTY_BODY = YES;
				CLANG_WARN_ENUM_CONVERSION = YES;
				CLANG_WARN_INT_CONVERSION = YES;
				CLANG_WARN_OBJC_ROOT_CLASS = YES_ERROR;
				CLANG_WARN_UNREACHABLE_CODE = YES;
				CLANG_WARN__DUPLICATE_METHOD_MATCH = YES;
				"CODE_SIGN_IDENTITY[sdk=iphoneos*]" = "iPhone Developer";
				COPY_PHASE_STRIP = NO;
				DEBUG_INFORMATION_FORMAT = dwarf;
				ENABLE_STRICT_OBJC_MSGSEND = YES;
				ENABLE_TESTABILITY = YES;
				GCC_C_LANGUAGE_STANDARD = gnu99;
				GCC_DYNAMIC_NO_PIC = NO;
				GCC_NO_COMMON_BLOCKS = YES;
				GCC_OPTIMIZATION_LEVEL = 0;
				GCC_PREPROCESSOR_DEFINITIONS = (
					"DEBUG=1",
					"$(inherited)",
				);
				GCC_WARN_64_TO_32_BIT_CONVERSION = YES;
				GCC_WARN_ABOUT_RETURN_TYPE = YES_ERROR;
				GCC_WARN_UNDECLARED_SELECTOR = YES;
				GCC_WARN_UNINITIALIZED_AUTOS = YES_AGGRESSIVE;
				GCC_WARN_UNUSED_FUNCTION = YES;
				GCC_WARN_UNUSED_VARIABLE = YES;
				IPHONEOS_DEPLOYMENT_TARGET = 9.2;
				MTL_ENABLE_DEBUG_INFO = YES;
				ONLY_ACTIVE_ARCH = YES;
				SDKROOT = iphoneos;
				SWIFT_OPTIMIZATION_LEVEL = "-Onone";
			};
			name = Debug;
		};
		388217B41CA1E43D00091564 /* Release */ = {
			isa = XCBuildConfiguration;
			buildSettings = {
				ALWAYS_SEARCH_USER_PATHS = NO;
				CLANG_CXX_LANGUAGE_STANDARD = "gnu++0x";
				CLANG_CXX_LIBRARY = "libc++";
				CLANG_ENABLE_MODULES = YES;
				CLANG_ENABLE_OBJC_ARC = YES;
				CLANG_WARN_BOOL_CONVERSION = YES;
				CLANG_WARN_CONSTANT_CONVERSION = YES;
				CLANG_WARN_DIRECT_OBJC_ISA_USAGE = YES_ERROR;
				CLANG_WARN_EMPTY_BODY = YES;
				CLANG_WARN_ENUM_CONVERSION = YES;
				CLANG_WARN_INT_CONVERSION = YES;
				CLANG_WARN_OBJC_ROOT_CLASS = YES_ERROR;
				CLANG_WARN_UNREACHABLE_CODE = YES;
				CLANG_WARN__DUPLICATE_METHOD_MATCH = YES;
				"CODE_SIGN_IDENTITY[sdk=iphoneos*]" = "iPhone Developer";
				COPY_PHASE_STRIP = NO;
				DEBUG_INFORMATION_FORMAT = "dwarf-with-dsym";
				ENABLE_NS_ASSERTIONS = NO;
				ENABLE_STRICT_OBJC_MSGSEND = YES;
				GCC_C_LANGUAGE_STANDARD = gnu99;
				GCC_NO_COMMON_BLOCKS = YES;
				GCC_WARN_64_TO_32_BIT_CONVERSION = YES;
				GCC_WARN_ABOUT_RETURN_TYPE = YES_ERROR;
				GCC_WARN_UNDECLARED_SELECTOR = YES;
				GCC_WARN_UNINITIALIZED_AUTOS = YES_AGGRESSIVE;
				GCC_WARN_UNUSED_FUNCTION = YES;
				GCC_WARN_UNUSED_VARIABLE = YES;
				IPHONEOS_DEPLOYMENT_TARGET = 9.2;
				MTL_ENABLE_DEBUG_INFO = NO;
				SDKROOT = iphoneos;
				VALIDATE_PRODUCT = YES;
			};
			name = Release;
		};
		388217B61CA1E43D00091564 /* Debug */ = {
			isa = XCBuildConfiguration;
			buildSettings = {
				ASSETCATALOG_COMPILER_APPICON_NAME = AppIcon;
				INFOPLIST_FILE = "Knock-To-React/Info.plist";
				LD_RUNPATH_SEARCH_PATHS = "$(inherited) @executable_path/Frameworks";
				PRODUCT_BUNDLE_IDENTIFIER = "Cavalca.Knock-To-React";
				PRODUCT_NAME = "$(TARGET_NAME)";
			};
			name = Debug;
		};
		388217B71CA1E43D00091564 /* Release */ = {
			isa = XCBuildConfiguration;
			buildSettings = {
				ASSETCATALOG_COMPILER_APPICON_NAME = AppIcon;
				INFOPLIST_FILE = "Knock-To-React/Info.plist";
				LD_RUNPATH_SEARCH_PATHS = "$(inherited) @executable_path/Frameworks";
				PRODUCT_BUNDLE_IDENTIFIER = "Cavalca.Knock-To-React";
				PRODUCT_NAME = "$(TARGET_NAME)";
			};
			name = Release;
		};
/* End XCBuildConfiguration section */

/* Begin XCConfigurationList section */
		3882179E1CA1E43D00091564 /* Build configuration list for PBXProject "Knock-To-React" */ = {
			isa = XCConfigurationList;
			buildConfigurations = (
				388217B31CA1E43D00091564 /* Debug */,
				388217B41CA1E43D00091564 /* Release */,
			);
			defaultConfigurationIsVisible = 0;
			defaultConfigurationName = Release;
		};
		388217B51CA1E43D00091564 /* Build configuration list for PBXNativeTarget "Knock-To-React" */ = {
			isa = XCConfigurationList;
			buildConfigurations = (
				388217B61CA1E43D00091564 /* Debug */,
				388217B71CA1E43D00091564 /* Release */,
			);
			defaultConfigurationIsVisible = 0;
		};
/* End XCConfigurationList section */
	};
	rootObject = 3882179B1CA1E43D00091564 /* Project object */;
}
